{
    "_readme": [
        "This file locks the dependencies of your project to a known state",
        "Read more about it at https://getcomposer.org/doc/01-basic-usage.md#composer-lock-the-lock-file",
        "This file is @generated automatically"
    ],
    "content-hash": "0a9e6e3d44656151037fc10a3b38a5ec",
    "packages": [
        {
            "name": "contributte/cache",
            "version": "dev-master",
            "source": {
                "type": "git",
                "url": "https://github.com/contributte/cache.git",
                "reference": "173d315ddef9730204fdc3d0db6c0fae2b466719"
            },
            "dist": {
                "type": "zip",
                "url": "https://api.github.com/repos/contributte/cache/zipball/173d315ddef9730204fdc3d0db6c0fae2b466719",
                "reference": "173d315ddef9730204fdc3d0db6c0fae2b466719",
                "shasum": ""
            },
            "require": {
                "nette/caching": "~2.5.8",
                "php": ">= 7.1"
            },
            "conflict": {
                "nette/di": "<2.4.13",
                "nette/utils": "<2.5.0"
            },
            "require-dev": {
                "nette/di": "~2.4.13",
                "ninjify/nunjuck": "^0.2.0",
                "ninjify/qa": "^0.8.0"
            },
            "suggest": {
                "nette/di": "to use CacheFactoryExtension[CompilerExtension]"
            },
            "type": "library",
            "extra": {
                "branch-alias": {
                    "dev-master": "0.3.x-dev"
                }
            },
            "autoload": {
                "psr-4": {
                    "Contributte\\Cache\\": "src"
                }
            },
            "notification-url": "https://packagist.org/downloads/",
            "license": [
                "MIT"
            ],
            "authors": [
                {
                    "name": "Milan Felix Šulc",
                    "homepage": "https://f3l1x.io"
                }
            ],
            "description": "Extra contrib to nette/cache",
            "homepage": "https://github.com/contributte/cache",
            "keywords": [
                "cache",
                "nette",
                "provider"
            ],
            "time": "2018-09-04T12:09:05+00:00"
        },
        {
            "name": "contributte/event-dispatcher",
            "version": "v0.5",
            "source": {
                "type": "git",
                "url": "https://github.com/contributte/event-dispatcher.git",
                "reference": "c73737297c9848fb9ab198c48f1719ce829e7501"
            },
            "dist": {
                "type": "zip",
                "url": "https://api.github.com/repos/contributte/event-dispatcher/zipball/c73737297c9848fb9ab198c48f1719ce829e7501",
                "reference": "c73737297c9848fb9ab198c48f1719ce829e7501",
                "shasum": ""
            },
            "require": {
                "php": ">= 7.1",
                "symfony/event-dispatcher": "^4.0.0"
            },
            "conflict": {
                "nette/di": "<2.4.13",
                "nette/utils": "<2.5.2"
            },
            "require-dev": {
                "nette/di": "^2.4.13",
                "ninjify/nunjuck": "^0.2.0",
                "ninjify/qa": "^0.8.0"
            },
            "suggest": {
                "nette/di": "to use EventDispatcherExtension[CompilerExtension]"
            },
            "type": "library",
            "extra": {
                "branch-alias": {
                    "dev-develop": "0.6.x-dev"
                }
            },
            "autoload": {
                "psr-4": {
                    "Contributte\\EventDispatcher\\": "src"
                }
            },
            "notification-url": "https://packagist.org/downloads/",
            "license": [
                "MIT"
            ],
            "authors": [
                {
                    "name": "Milan Felix Šulc",
                    "homepage": "https://f3l1x.io"
                }
            ],
            "description": "Best event dispatcher / event manager / event emitter for Nette Framework",
            "homepage": "https://github.com/contributte/event-dispatcher",
            "keywords": [
                "dispatcher",
                "emitter",
                "event",
                "nette",
                "symfony"
            ],
            "time": "2018-08-16T07:56:14+00:00"
        },
        {
            "name": "nette/application",
            "version": "v2.4.12",
            "source": {
                "type": "git",
                "url": "https://github.com/nette/application.git",
                "reference": "fe1915f880d8e5d16217bad467950733fd5cbad3"
            },
            "dist": {
                "type": "zip",
                "url": "https://api.github.com/repos/nette/application/zipball/fe1915f880d8e5d16217bad467950733fd5cbad3",
                "reference": "fe1915f880d8e5d16217bad467950733fd5cbad3",
                "shasum": ""
            },
            "require": {
                "nette/component-model": "^2.3",
                "nette/http": "^2.2",
                "nette/reflection": "^2.2",
                "nette/utils": "^2.4 || ~3.0.0",
                "php": ">=5.6.0"
            },
            "conflict": {
                "nette/di": "<2.4",
                "nette/forms": "<2.4",
                "nette/latte": "<2.4",
                "nette/nette": "<2.2"
            },
            "require-dev": {
                "latte/latte": "^2.4.3",
                "mockery/mockery": "^0.9.5",
                "nette/di": "^2.4 || ~3.0.0",
                "nette/forms": "^2.4",
                "nette/robot-loader": "^2.4.2 || ^3.0",
                "nette/security": "^2.4",
                "nette/tester": "^2.0",
                "tracy/tracy": "^2.4"
            },
            "suggest": {
                "latte/latte": "Allows using Latte in templates",
                "nette/forms": "Allows to use Nette\\Application\\UI\\Form"
            },
            "type": "library",
            "extra": {
                "branch-alias": {
                    "dev-master": "2.4-dev"
                }
            },
            "autoload": {
                "classmap": [
                    "src/"
                ],
                "files": [
                    "src/compatibility.php"
                ]
            },
            "notification-url": "https://packagist.org/downloads/",
            "license": [
                "BSD-3-Clause",
                "GPL-2.0",
                "GPL-3.0"
            ],
            "authors": [
                {
                    "name": "David Grudl",
                    "homepage": "https://davidgrudl.com"
                },
                {
                    "name": "Nette Community",
                    "homepage": "https://nette.org/contributors"
                }
            ],
            "description": "🏆 Nette Application: a full-stack component-based MVC kernel for PHP that helps you write powerful and modern web applications. Write less, have cleaner code and your work will bring you joy.",
            "homepage": "https://nette.org",
            "keywords": [
                "Forms",
                "component-based",
                "control",
                "framework",
                "mvc",
                "mvp",
                "nette",
                "presenter",
                "routing",
                "seo"
            ],
            "time": "2018-05-16T09:28:51+00:00"
        },
        {
            "name": "nette/caching",
            "version": "v2.5.8",
            "source": {
                "type": "git",
                "url": "https://github.com/nette/caching.git",
                "reference": "7fba7c7ab2585fafb7b31152f2595e1551120555"
            },
            "dist": {
                "type": "zip",
                "url": "https://api.github.com/repos/nette/caching/zipball/7fba7c7ab2585fafb7b31152f2595e1551120555",
                "reference": "7fba7c7ab2585fafb7b31152f2595e1551120555",
                "shasum": ""
            },
            "require": {
                "nette/finder": "^2.2 || ~3.0.0",
                "nette/utils": "^2.4 || ~3.0.0",
                "php": ">=5.6.0"
            },
            "conflict": {
                "nette/nette": "<2.2"
            },
            "require-dev": {
                "latte/latte": "^2.4",
                "nette/di": "^2.4 || ~3.0.0",
                "nette/tester": "^2.0",
                "tracy/tracy": "^2.4"
            },
            "suggest": {
                "ext-pdo_sqlite": "to use SQLiteStorage or SQLiteJournal"
            },
            "type": "library",
            "extra": {
                "branch-alias": {
                    "dev-master": "2.5-dev"
                }
            },
            "autoload": {
                "classmap": [
                    "src/"
                ]
            },
            "notification-url": "https://packagist.org/downloads/",
            "license": [
                "BSD-3-Clause",
                "GPL-2.0",
                "GPL-3.0"
            ],
            "authors": [
                {
                    "name": "David Grudl",
                    "homepage": "https://davidgrudl.com"
                },
                {
                    "name": "Nette Community",
                    "homepage": "https://nette.org/contributors"
                }
            ],
            "description": "⏱ Nette Caching: library with easy-to-use API and many cache backends.",
            "homepage": "https://nette.org",
            "keywords": [
                "cache",
                "journal",
                "memcached",
                "nette",
                "sqlite"
            ],
            "time": "2018-03-21T11:04:32+00:00"
        },
        {
            "name": "nette/component-model",
            "version": "v2.4.0",
            "source": {
                "type": "git",
                "url": "https://github.com/nette/component-model.git",
                "reference": "6e7980f5ddec31f68a39e767799b1b0be9dd1014"
            },
            "dist": {
                "type": "zip",
                "url": "https://api.github.com/repos/nette/component-model/zipball/6e7980f5ddec31f68a39e767799b1b0be9dd1014",
                "reference": "6e7980f5ddec31f68a39e767799b1b0be9dd1014",
                "shasum": ""
            },
            "require": {
                "nette/utils": "^2.5 || ~3.0.0",
                "php": ">=5.6.0"
            },
            "conflict": {
                "nette/application": "<2.4",
                "nette/nette": "<2.2"
            },
            "require-dev": {
                "nette/tester": "^2.0",
                "tracy/tracy": "^2.3"
            },
            "type": "library",
            "extra": {
                "branch-alias": {
                    "dev-master": "2.4-dev"
                }
            },
            "autoload": {
                "classmap": [
                    "src/"
                ]
            },
            "notification-url": "https://packagist.org/downloads/",
            "license": [
                "BSD-3-Clause",
                "GPL-2.0",
                "GPL-3.0"
            ],
            "authors": [
                {
                    "name": "David Grudl",
                    "homepage": "https://davidgrudl.com"
                },
                {
                    "name": "Nette Community",
                    "homepage": "https://nette.org/contributors"
                }
            ],
            "description": "⚛ Nette Component Model",
            "homepage": "https://nette.org",
            "keywords": [
                "components",
                "nette"
            ],
            "time": "2018-03-20T16:32:50+00:00"
        },
        {
            "name": "nette/di",
            "version": "dev-master",
            "source": {
                "type": "git",
                "url": "https://github.com/nette/di.git",
                "reference": "261b5dd52d41a42bf287e2690dcc21b8d61595e6"
            },
            "dist": {
                "type": "zip",
                "url": "https://api.github.com/repos/nette/di/zipball/261b5dd52d41a42bf287e2690dcc21b8d61595e6",
                "reference": "261b5dd52d41a42bf287e2690dcc21b8d61595e6",
                "shasum": ""
            },
            "require": {
                "ext-tokenizer": "*",
                "nette/neon": "^2.3.3 || ~3.0.0",
                "nette/php-generator": "^3.0",
                "nette/utils": "^2.5 || ~3.0.0",
                "php": ">=7.1"
            },
            "conflict": {
                "nette/bootstrap": "<2.4",
                "nette/nette": "<2.2"
            },
            "require-dev": {
                "nette/tester": "^2.0",
                "tracy/tracy": "^2.3"
            },
            "type": "library",
            "extra": {
                "branch-alias": {
                    "dev-master": "3.0-dev"
                }
            },
            "autoload": {
                "classmap": [
                    "src/"
                ]
            },
            "notification-url": "https://packagist.org/downloads/",
            "license": [
                "BSD-3-Clause",
                "GPL-2.0",
                "GPL-3.0"
            ],
            "authors": [
                {
                    "name": "David Grudl",
                    "homepage": "https://davidgrudl.com"
                },
                {
                    "name": "Nette Community",
                    "homepage": "https://nette.org/contributors"
                }
            ],
            "description": "💎 Nette Dependency Injection Container: Flexible, compiled and full-featured DIC with perfectly usable autowiring and support for all new PHP 7.1 features.",
            "homepage": "https://nette.org",
            "keywords": [
                "compiled",
                "di",
                "dic",
                "factory",
                "ioc",
                "nette",
                "static"
            ],
            "time": "2018-08-22T09:05:00+00:00"
        },
        {
            "name": "nette/finder",
            "version": "v2.4.2",
            "source": {
                "type": "git",
                "url": "https://github.com/nette/finder.git",
                "reference": "ee951a656cb8ac622e5dd33474a01fd2470505a0"
            },
            "dist": {
                "type": "zip",
                "url": "https://api.github.com/repos/nette/finder/zipball/ee951a656cb8ac622e5dd33474a01fd2470505a0",
                "reference": "ee951a656cb8ac622e5dd33474a01fd2470505a0",
                "shasum": ""
            },
            "require": {
                "nette/utils": "~2.4",
                "php": ">=5.6.0"
            },
            "conflict": {
                "nette/nette": "<2.2"
            },
            "require-dev": {
                "nette/tester": "~2.0",
                "tracy/tracy": "^2.3"
            },
            "type": "library",
            "extra": {
                "branch-alias": {
                    "dev-master": "2.4-dev"
                }
            },
            "autoload": {
                "classmap": [
                    "src/"
                ]
            },
            "notification-url": "https://packagist.org/downloads/",
            "license": [
                "BSD-3-Clause",
                "GPL-2.0",
                "GPL-3.0"
            ],
            "authors": [
                {
                    "name": "David Grudl",
                    "homepage": "https://davidgrudl.com"
                },
                {
                    "name": "Nette Community",
                    "homepage": "https://nette.org/contributors"
                }
            ],
            "description": "🔍 Nette Finder: find files and directories with an intuitive API.",
            "homepage": "https://nette.org",
            "keywords": [
                "filesystem",
                "glob",
                "iterator",
                "nette"
            ],
            "time": "2018-06-28T11:49:23+00:00"
        },
        {
            "name": "nette/http",
            "version": "v2.4.10",
            "source": {
                "type": "git",
                "url": "https://github.com/nette/http.git",
                "reference": "a36e6bad0aae8bacf849c150b5e0ecacef0d9eca"
            },
            "dist": {
                "type": "zip",
                "url": "https://api.github.com/repos/nette/http/zipball/a36e6bad0aae8bacf849c150b5e0ecacef0d9eca",
                "reference": "a36e6bad0aae8bacf849c150b5e0ecacef0d9eca",
                "shasum": ""
            },
            "require": {
                "nette/utils": "^2.4 || ~3.0.0",
                "php": ">=5.6.0"
            },
            "conflict": {
                "nette/nette": "<2.2"
            },
            "require-dev": {
                "nette/di": "^2.4.8 || ~3.0.0",
                "nette/tester": "^2.0",
                "tracy/tracy": "^2.4"
            },
            "suggest": {
                "ext-fileinfo": "to detect type of uploaded files",
                "nette/security": "allows use Nette\\Http\\UserStorage"
            },
            "type": "library",
            "extra": {
                "branch-alias": {
                    "dev-master": "2.4-dev"
                }
            },
            "autoload": {
                "classmap": [
                    "src/"
                ]
            },
            "notification-url": "https://packagist.org/downloads/",
            "license": [
                "BSD-3-Clause",
                "GPL-2.0",
                "GPL-3.0"
            ],
            "authors": [
                {
                    "name": "David Grudl",
                    "homepage": "https://davidgrudl.com"
                },
                {
                    "name": "Nette Community",
                    "homepage": "https://nette.org/contributors"
                }
            ],
            "description": "🌐 Nette Http: abstraction for HTTP request, response and session. Provides careful data sanitization and utility for URL and cookies manipulation.",
            "homepage": "https://nette.org",
            "keywords": [
                "cookies",
                "http",
                "nette",
                "proxy",
                "request",
                "response",
                "security",
                "session",
                "url"
            ],
            "time": "2018-09-03T19:16:55+00:00"
        },
        {
            "name": "nette/neon",
            "version": "v2.4.3",
            "source": {
                "type": "git",
                "url": "https://github.com/nette/neon.git",
                "reference": "5e72b1dd3e2d34f0863c5561139a19df6a1ef398"
            },
            "dist": {
                "type": "zip",
                "url": "https://api.github.com/repos/nette/neon/zipball/5e72b1dd3e2d34f0863c5561139a19df6a1ef398",
                "reference": "5e72b1dd3e2d34f0863c5561139a19df6a1ef398",
                "shasum": ""
            },
            "require": {
                "ext-iconv": "*",
                "ext-json": "*",
                "php": ">=5.6.0"
            },
            "require-dev": {
                "nette/tester": "~2.0",
                "tracy/tracy": "^2.3"
            },
            "type": "library",
            "extra": {
                "branch-alias": {
                    "dev-master": "2.4-dev"
                }
            },
            "autoload": {
                "classmap": [
                    "src/"
                ]
            },
            "notification-url": "https://packagist.org/downloads/",
            "license": [
                "BSD-3-Clause",
                "GPL-2.0",
                "GPL-3.0"
            ],
            "authors": [
                {
                    "name": "David Grudl",
                    "homepage": "https://davidgrudl.com"
                },
                {
                    "name": "Nette Community",
                    "homepage": "https://nette.org/contributors"
                }
            ],
            "description": "🍸 Nette NEON: encodes and decodes NEON file format.",
            "homepage": "http://ne-on.org",
            "keywords": [
                "export",
                "import",
                "neon",
                "nette",
                "yaml"
            ],
            "time": "2018-03-21T12:12:21+00:00"
        },
        {
            "name": "nette/php-generator",
            "version": "v3.2.0",
            "source": {
                "type": "git",
                "url": "https://github.com/nette/php-generator.git",
                "reference": "d36064d45fad4195f3220ff8c656b7d50cb80333"
            },
            "dist": {
                "type": "zip",
                "url": "https://api.github.com/repos/nette/php-generator/zipball/d36064d45fad4195f3220ff8c656b7d50cb80333",
                "reference": "d36064d45fad4195f3220ff8c656b7d50cb80333",
                "shasum": ""
            },
            "require": {
                "nette/utils": "^2.4.2 || ~3.0.0",
                "php": ">=7.1"
            },
            "conflict": {
                "nette/nette": "<2.2"
            },
            "require-dev": {
                "nette/tester": "^2.0",
                "tracy/tracy": "^2.3"
            },
            "type": "library",
            "extra": {
                "branch-alias": {
                    "dev-master": "3.2-dev"
                }
            },
            "autoload": {
                "classmap": [
                    "src/"
                ]
            },
            "notification-url": "https://packagist.org/downloads/",
            "license": [
                "BSD-3-Clause",
                "GPL-2.0",
                "GPL-3.0"
            ],
            "authors": [
                {
                    "name": "David Grudl",
                    "homepage": "https://davidgrudl.com"
                },
                {
                    "name": "Nette Community",
                    "homepage": "https://nette.org/contributors"
                }
            ],
            "description": "🐘 Nette PHP Generator: generates neat PHP code for you. Supports new PHP 7.3 features.",
            "homepage": "https://nette.org",
            "keywords": [
                "code",
                "nette",
                "php",
                "scaffolding"
            ],
            "time": "2018-08-29T17:24:49+00:00"
        },
        {
            "name": "nette/reflection",
            "version": "v2.4.2",
            "source": {
                "type": "git",
                "url": "https://github.com/nette/reflection.git",
                "reference": "b12327e98ead74e87a1315e0d48182a702adf901"
            },
            "dist": {
                "type": "zip",
                "url": "https://api.github.com/repos/nette/reflection/zipball/b12327e98ead74e87a1315e0d48182a702adf901",
                "reference": "b12327e98ead74e87a1315e0d48182a702adf901",
                "shasum": ""
            },
            "require": {
                "ext-tokenizer": "*",
                "nette/caching": "^2.2 || ^3.0",
                "nette/utils": "^2.4 || ^3.0",
                "php": ">=5.6.0"
            },
            "conflict": {
                "nette/nette": "<2.2"
            },
            "require-dev": {
                "nette/di": "^2.4 || ^3.0",
                "nette/tester": "^2.0",
                "tracy/tracy": "^2.4"
            },
            "type": "library",
            "extra": {
                "branch-alias": {
                    "dev-master": "2.4-dev"
                }
            },
            "autoload": {
                "classmap": [
                    "src/"
                ]
            },
            "notification-url": "https://packagist.org/downloads/",
            "license": [
                "BSD-3-Clause",
                "GPL-2.0",
                "GPL-3.0"
            ],
            "authors": [
                {
                    "name": "David Grudl",
                    "homepage": "https://davidgrudl.com"
                },
                {
                    "name": "Nette Community",
                    "homepage": "https://nette.org/contributors"
                }
            ],
            "description": "Nette Reflection: docblock annotations parser and common reflection classes",
            "homepage": "https://nette.org",
            "keywords": [
                "annotation",
                "nette",
                "reflection"
            ],
            "time": "2017-07-11T19:28:57+00:00"
        },
        {
            "name": "nette/utils",
            "version": "v2.5.2",
            "source": {
                "type": "git",
                "url": "https://github.com/nette/utils.git",
                "reference": "183069866dc477fcfbac393ed486aaa6d93d19a5"
            },
            "dist": {
                "type": "zip",
                "url": "https://api.github.com/repos/nette/utils/zipball/183069866dc477fcfbac393ed486aaa6d93d19a5",
                "reference": "183069866dc477fcfbac393ed486aaa6d93d19a5",
                "shasum": ""
            },
            "require": {
                "php": ">=5.6.0"
            },
            "conflict": {
                "nette/nette": "<2.2"
            },
            "require-dev": {
                "nette/tester": "~2.0",
                "tracy/tracy": "^2.3"
            },
            "suggest": {
                "ext-gd": "to use Image",
                "ext-iconv": "to use Strings::webalize() and toAscii()",
                "ext-intl": "for script transliteration in Strings::webalize() and toAscii()",
                "ext-json": "to use Nette\\Utils\\Json",
                "ext-mbstring": "to use Strings::lower() etc...",
                "ext-xml": "to use Strings::length() etc. when mbstring is not available"
            },
            "type": "library",
            "extra": {
                "branch-alias": {
                    "dev-master": "2.5-dev"
                }
            },
            "autoload": {
                "classmap": [
                    "src/"
                ],
                "files": [
                    "src/loader.php"
                ]
            },
            "notification-url": "https://packagist.org/downloads/",
            "license": [
                "BSD-3-Clause",
                "GPL-2.0",
                "GPL-3.0"
            ],
            "authors": [
                {
                    "name": "David Grudl",
                    "homepage": "https://davidgrudl.com"
                },
                {
                    "name": "Nette Community",
                    "homepage": "https://nette.org/contributors"
                }
            ],
            "description": "🛠 Nette Utils: lightweight utilities for string & array manipulation, image handling, safe JSON encoding/decoding, validation, slug or strong password generating etc.",
            "homepage": "https://nette.org",
            "keywords": [
                "array",
                "core",
                "datetime",
                "images",
                "json",
                "nette",
                "paginator",
                "password",
                "slugify",
                "string",
                "unicode",
                "utf-8",
                "utility",
                "validation"
            ],
            "time": "2018-05-02T17:16:08+00:00"
        },
        {
            "name": "occ2/control",
            "version": "dev-master",
            "source": {
                "type": "git",
                "url": "https://github.com/occ2/control.git",
                "reference": "9214cc387de2ece6a59292fb23553c755f3da22b"
            },
            "dist": {
                "type": "zip",
                "url": "https://api.github.com/repos/occ2/control/zipball/9214cc387de2ece6a59292fb23553c755f3da22b",
                "reference": "9214cc387de2ece6a59292fb23553c755f3da22b",
                "shasum": ""
            },
            "require": {
                "contributte/cache": "dev-master",
                "contributte/event-dispatcher": "v0.5",
                "nette/application": "v2.4.12",
                "nette/di": "* dev-master",
                "occ2/flashes": "dev-master"
            },
            "type": "library",
            "notification-url": "https://packagist.org/downloads/",
            "authors": [
                {
                    "name": "Milan Onderka",
                    "email": "milan_onderka@occ2.cz"
                }
            ],
            "description": "Boosted Nette Control",
            "time": "2018-09-05T21:25:50+00:00"
        },
        {
            "name": "occ2/flashes",
            "version": "dev-master",
            "source": {
                "type": "git",
                "url": "https://github.com/occ2/flashes.git",
                "reference": "0199d734e00dcf62b8caa62507b9ed7731ab0b26"
            },
            "dist": {
                "type": "zip",
                "url": "https://api.github.com/repos/occ2/flashes/zipball/0199d734e00dcf62b8caa62507b9ed7731ab0b26",
                "reference": "0199d734e00dcf62b8caa62507b9ed7731ab0b26",
                "shasum": ""
            },
            "require": {
                "nette/application": "^2.4",
                "php": ">=7.0.0"
            },
            "type": "library",
            "autoload": {
                "psr-0": {
                    "occ2\\flashes\\": "src/"
                }
            },
            "notification-url": "https://packagist.org/downloads/",
            "license": [
                "MIT"
            ],
            "authors": [
                {
                    "name": "Milan Onderka",
                    "email": "milan_onderka@occ2.cz"
                }
            ],
            "description": "Extra contribute of Nette Application flash messages with Bootstrap4 alert style",
            "time": "2018-09-05T19:59:23+00:00"
        },
        {
            "name": "symfony/event-dispatcher",
            "version": "v4.1.4",
            "source": {
                "type": "git",
                "url": "https://github.com/symfony/event-dispatcher.git",
                "reference": "bfb30c2ad377615a463ebbc875eba64a99f6aa3e"
            },
            "dist": {
                "type": "zip",
                "url": "https://api.github.com/repos/symfony/event-dispatcher/zipball/bfb30c2ad377615a463ebbc875eba64a99f6aa3e",
                "reference": "bfb30c2ad377615a463ebbc875eba64a99f6aa3e",
                "shasum": ""
            },
            "require": {
                "php": "^7.1.3"
            },
            "conflict": {
                "symfony/dependency-injection": "<3.4"
            },
            "require-dev": {
                "psr/log": "~1.0",
                "symfony/config": "~3.4|~4.0",
                "symfony/dependency-injection": "~3.4|~4.0",
                "symfony/expression-language": "~3.4|~4.0",
                "symfony/stopwatch": "~3.4|~4.0"
            },
            "suggest": {
                "symfony/dependency-injection": "",
                "symfony/http-kernel": ""
            },
            "type": "library",
            "extra": {
                "branch-alias": {
                    "dev-master": "4.1-dev"
                }
            },
            "autoload": {
                "psr-4": {
                    "Symfony\\Component\\EventDispatcher\\": ""
                },
                "exclude-from-classmap": [
                    "/Tests/"
                ]
            },
            "notification-url": "https://packagist.org/downloads/",
            "license": [
                "MIT"
            ],
            "authors": [
                {
                    "name": "Fabien Potencier",
                    "email": "fabien@symfony.com"
                },
                {
                    "name": "Symfony Community",
                    "homepage": "https://symfony.com/contributors"
                }
            ],
            "description": "Symfony EventDispatcher Component",
            "homepage": "https://symfony.com",
            "time": "2018-07-26T09:10:45+00:00"
        }
    ],
    "packages-dev": [],
    "aliases": [],
    "minimum-stability": "stable",
    "stability-flags": {
        "nette/di": 20,
        "contributte/cache": 20,
        "occ2/flashes": 20,
        "occ2/control": 20
    },
    "prefer-stable": false,
    "prefer-lowest": false,
    "platform": [],
    "platform-dev": []
}
